// !$*UTF8*$!
{
	archiveVersion = 1;
	classes = {
	};
	objectVersion = 60;
	objects = {

/* Begin PBXBuildFile section */
		E4080D942ABD0EFC00601A37 /* Michroma-Regular.ttf in Resources */ = {isa = PBXBuildFile; fileRef = E4FABD8F2A9D9B2F00C93EA8 /* Michroma-Regular.ttf */; };
		E453767C2AA0485700BFA32C /* SettingsView.swift in Sources */ = {isa = PBXBuildFile; fileRef = E453767B2AA0485700BFA32C /* SettingsView.swift */; };
		E453767E2AA04B9B00BFA32C /* TimerNotificationService.swift in Sources */ = {isa = PBXBuildFile; fileRef = E453767D2AA04B9B00BFA32C /* TimerNotificationService.swift */; };
		E47F56662AC1014500C55597 /* SettingsViewModel.swift in Sources */ = {isa = PBXBuildFile; fileRef = E47F56652AC1014500C55597 /* SettingsViewModel.swift */; };
		E48497BC2ADE0E3500F12300 /* WidgetKit.framework in Frameworks */ = {isa = PBXBuildFile; fileRef = E4F55C0E2AD774D50025C3C5 /* WidgetKit.framework */; };
		E48497BD2ADE0E3500F12300 /* SwiftUI.framework in Frameworks */ = {isa = PBXBuildFile; fileRef = E4F55C102AD774D50025C3C5 /* SwiftUI.framework */; };
		E48497C02ADE0E3500F12300 /* HWMTimersWatchWidget.swift in Sources */ = {isa = PBXBuildFile; fileRef = E48497BF2ADE0E3500F12300 /* HWMTimersWatchWidget.swift */; };
		E48497C22ADE0E3500F12300 /* AppIntent.swift in Sources */ = {isa = PBXBuildFile; fileRef = E48497C12ADE0E3500F12300 /* AppIntent.swift */; };
		E48497C42ADE0E3600F12300 /* Assets.xcassets in Resources */ = {isa = PBXBuildFile; fileRef = E48497C32ADE0E3600F12300 /* Assets.xcassets */; };
		E48497CD2ADE13F400F12300 /* AppIntent.swift in Sources */ = {isa = PBXBuildFile; fileRef = E4F55C172AD774D50025C3C5 /* AppIntent.swift */; };
		E48497CE2ADE1AF800F12300 /* HWMTimersWatchWidgetExtension.appex in Embed Foundation Extensions */ = {isa = PBXBuildFile; fileRef = E48497BB2ADE0E3500F12300 /* HWMTimersWatchWidgetExtension.appex */; settings = {ATTRIBUTES = (RemoveHeadersOnCopy, ); }; };
		E48497D42ADE1CCE00F12300 /* HWMTimersShared in Frameworks */ = {isa = PBXBuildFile; productRef = E48497D32ADE1CCE00F12300 /* HWMTimersShared */; };
		E4AD0D652AB7E32D003FD5BC /* NiceNotifications in Frameworks */ = {isa = PBXBuildFile; productRef = E4AD0D642AB7E32D003FD5BC /* NiceNotifications */; };
		E4AD0D662AB7E6BA003FD5BC /* HWMTimerTheme.swift in Sources */ = {isa = PBXBuildFile; fileRef = E4FABD932A9D9D4D00C93EA8 /* HWMTimerTheme.swift */; };
		E4D2C3FB2AB2BBE8005FD6F4 /* HWMTimers_WatchApp.swift in Sources */ = {isa = PBXBuildFile; fileRef = E4D2C3FA2AB2BBE8005FD6F4 /* HWMTimers_WatchApp.swift */; };
		E4D2C3FD2AB2BBE8005FD6F4 /* ContentView.swift in Sources */ = {isa = PBXBuildFile; fileRef = E4D2C3FC2AB2BBE8005FD6F4 /* ContentView.swift */; };
		E4D2C3FF2AB2BBE9005FD6F4 /* Assets.xcassets in Resources */ = {isa = PBXBuildFile; fileRef = E4D2C3FE2AB2BBE9005FD6F4 /* Assets.xcassets */; };
		E4D2C4022AB2BBE9005FD6F4 /* Preview Assets.xcassets in Resources */ = {isa = PBXBuildFile; fileRef = E4D2C4012AB2BBE9005FD6F4 /* Preview Assets.xcassets */; };
		E4D2C40C2AB2BBE9005FD6F4 /* HWMTimers_Watch_Watch_AppTests.swift in Sources */ = {isa = PBXBuildFile; fileRef = E4D2C40B2AB2BBE9005FD6F4 /* HWMTimers_Watch_Watch_AppTests.swift */; };
		E4D2C4162AB2BBE9005FD6F4 /* HWMTimers_Watch_Watch_AppUITests.swift in Sources */ = {isa = PBXBuildFile; fileRef = E4D2C4152AB2BBE9005FD6F4 /* HWMTimers_Watch_Watch_AppUITests.swift */; };
		E4D2C4182AB2BBE9005FD6F4 /* HWMTimers_Watch_Watch_AppUITestsLaunchTests.swift in Sources */ = {isa = PBXBuildFile; fileRef = E4D2C4172AB2BBE9005FD6F4 /* HWMTimers_Watch_Watch_AppUITestsLaunchTests.swift */; };
		E4D2C41B2AB2BBE9005FD6F4 /* HWMTimersWatchApp.app in Embed Watch Content */ = {isa = PBXBuildFile; fileRef = E4D2C3F82AB2BBE8005FD6F4 /* HWMTimersWatchApp.app */; settings = {ATTRIBUTES = (RemoveHeadersOnCopy, ); }; };
		E4EC3E362AA68E72003B0E3B /* AGEventTimersTests.swift in Sources */ = {isa = PBXBuildFile; fileRef = E4EC3E352AA68E72003B0E3B /* AGEventTimersTests.swift */; };
		E4F55C052AD73F3D0025C3C5 /* HWMTimersShared in Frameworks */ = {isa = PBXBuildFile; productRef = E4F55C042AD73F3D0025C3C5 /* HWMTimersShared */; };
		E4F55C072AD73F610025C3C5 /* HWMTimersShared in Frameworks */ = {isa = PBXBuildFile; productRef = E4F55C062AD73F610025C3C5 /* HWMTimersShared */; };
		E4F55C0F2AD774D50025C3C5 /* WidgetKit.framework in Frameworks */ = {isa = PBXBuildFile; fileRef = E4F55C0E2AD774D50025C3C5 /* WidgetKit.framework */; };
		E4F55C112AD774D50025C3C5 /* SwiftUI.framework in Frameworks */ = {isa = PBXBuildFile; fileRef = E4F55C102AD774D50025C3C5 /* SwiftUI.framework */; };
		E4F55C142AD774D50025C3C5 /* HWMTimersWigetBundle.swift in Sources */ = {isa = PBXBuildFile; fileRef = E4F55C132AD774D50025C3C5 /* HWMTimersWigetBundle.swift */; };
		E4F55C162AD774D50025C3C5 /* HWMTimersWiget.swift in Sources */ = {isa = PBXBuildFile; fileRef = E4F55C152AD774D50025C3C5 /* HWMTimersWiget.swift */; };
		E4F55C182AD774D50025C3C5 /* AppIntent.swift in Sources */ = {isa = PBXBuildFile; fileRef = E4F55C172AD774D50025C3C5 /* AppIntent.swift */; };
		E4F55C1A2AD774D60025C3C5 /* Assets.xcassets in Resources */ = {isa = PBXBuildFile; fileRef = E4F55C192AD774D60025C3C5 /* Assets.xcassets */; };
		E4F55C1F2AD774D60025C3C5 /* HWMTimersWigetExtension.appex in Embed Foundation Extensions */ = {isa = PBXBuildFile; fileRef = E4F55C0C2AD774D50025C3C5 /* HWMTimersWigetExtension.appex */; settings = {ATTRIBUTES = (RemoveHeadersOnCopy, ); }; };
		E4F55C252AD794730025C3C5 /* HWMTimersShared in Frameworks */ = {isa = PBXBuildFile; productRef = E4F55C242AD794730025C3C5 /* HWMTimersShared */; };
		E4FABD532A9C41B300C93EA8 /* HWMTimersApp.swift in Sources */ = {isa = PBXBuildFile; fileRef = E4FABD522A9C41B300C93EA8 /* HWMTimersApp.swift */; };
		E4FABD552A9C41B300C93EA8 /* ContentView.swift in Sources */ = {isa = PBXBuildFile; fileRef = E4FABD542A9C41B300C93EA8 /* ContentView.swift */; };
		E4FABD572A9C41B300C93EA8 /* Assets.xcassets in Resources */ = {isa = PBXBuildFile; fileRef = E4FABD562A9C41B300C93EA8 /* Assets.xcassets */; };
		E4FABD5A2A9C41B300C93EA8 /* Preview Assets.xcassets in Resources */ = {isa = PBXBuildFile; fileRef = E4FABD592A9C41B300C93EA8 /* Preview Assets.xcassets */; };
		E4FABD642A9C41B300C93EA8 /* HWMTimersTests.swift in Sources */ = {isa = PBXBuildFile; fileRef = E4FABD632A9C41B300C93EA8 /* HWMTimersTests.swift */; };
		E4FABD6E2A9C41B400C93EA8 /* HWMTimersUITests.swift in Sources */ = {isa = PBXBuildFile; fileRef = E4FABD6D2A9C41B400C93EA8 /* HWMTimersUITests.swift */; };
		E4FABD702A9C41B400C93EA8 /* HWMTimersUITestsLaunchTests.swift in Sources */ = {isa = PBXBuildFile; fileRef = E4FABD6F2A9C41B400C93EA8 /* HWMTimersUITestsLaunchTests.swift */; };
		E4FABD882A9D56C200C93EA8 /* AGHomeworldMobileEventTimerTests.swift in Sources */ = {isa = PBXBuildFile; fileRef = E4FABD872A9D56C200C93EA8 /* AGHomeworldMobileEventTimerTests.swift */; };
		E4FABD8B2A9D810400C93EA8 /* AssignmentView.swift in Sources */ = {isa = PBXBuildFile; fileRef = E4FABD8A2A9D810400C93EA8 /* AssignmentView.swift */; };
		E4FABD8D2A9D823700C93EA8 /* AGAssignmentViewModel.swift in Sources */ = {isa = PBXBuildFile; fileRef = E4FABD8C2A9D823700C93EA8 /* AGAssignmentViewModel.swift */; };
		E4FABD902A9D9B2F00C93EA8 /* Michroma-Regular.ttf in Resources */ = {isa = PBXBuildFile; fileRef = E4FABD8F2A9D9B2F00C93EA8 /* Michroma-Regular.ttf */; };
		E4FABD942A9D9D4D00C93EA8 /* HWMTimerTheme.swift in Sources */ = {isa = PBXBuildFile; fileRef = E4FABD932A9D9D4D00C93EA8 /* HWMTimerTheme.swift */; };
/* End PBXBuildFile section */

/* Begin PBXContainerItemProxy section */
		E48497CF2ADE1AF800F12300 /* PBXContainerItemProxy */ = {
			isa = PBXContainerItemProxy;
			containerPortal = E4FABD472A9C41B300C93EA8 /* Project object */;
			proxyType = 1;
			remoteGlobalIDString = E48497BA2ADE0E3500F12300;
			remoteInfo = HWMTimersWatchWidgetExtension;
		};
		E4D2C4082AB2BBE9005FD6F4 /* PBXContainerItemProxy */ = {
			isa = PBXContainerItemProxy;
			containerPortal = E4FABD472A9C41B300C93EA8 /* Project object */;
			proxyType = 1;
			remoteGlobalIDString = E4D2C3F72AB2BBE8005FD6F4;
			remoteInfo = "HWMTimers Watch Watch App";
		};
		E4D2C4122AB2BBE9005FD6F4 /* PBXContainerItemProxy */ = {
			isa = PBXContainerItemProxy;
			containerPortal = E4FABD472A9C41B300C93EA8 /* Project object */;
			proxyType = 1;
			remoteGlobalIDString = E4D2C3F72AB2BBE8005FD6F4;
			remoteInfo = "HWMTimers Watch Watch App";
		};
		E4D2C4192AB2BBE9005FD6F4 /* PBXContainerItemProxy */ = {
			isa = PBXContainerItemProxy;
			containerPortal = E4FABD472A9C41B300C93EA8 /* Project object */;
			proxyType = 1;
			remoteGlobalIDString = E4D2C3F72AB2BBE8005FD6F4;
			remoteInfo = "HWMTimers Watch Watch App";
		};
		E4F55C1D2AD774D60025C3C5 /* PBXContainerItemProxy */ = {
			isa = PBXContainerItemProxy;
			containerPortal = E4FABD472A9C41B300C93EA8 /* Project object */;
			proxyType = 1;
			remoteGlobalIDString = E4F55C0B2AD774D50025C3C5;
			remoteInfo = HWMTimersWigetExtension;
		};
		E4FABD602A9C41B300C93EA8 /* PBXContainerItemProxy */ = {
			isa = PBXContainerItemProxy;
			containerPortal = E4FABD472A9C41B300C93EA8 /* Project object */;
			proxyType = 1;
			remoteGlobalIDString = E4FABD4E2A9C41B300C93EA8;
			remoteInfo = HWMTimers;
		};
		E4FABD6A2A9C41B400C93EA8 /* PBXContainerItemProxy */ = {
			isa = PBXContainerItemProxy;
			containerPortal = E4FABD472A9C41B300C93EA8 /* Project object */;
			proxyType = 1;
			remoteGlobalIDString = E4FABD4E2A9C41B300C93EA8;
			remoteInfo = HWMTimers;
		};
/* End PBXContainerItemProxy section */

/* Begin PBXCopyFilesBuildPhase section */
		E48497D12ADE1AF800F12300 /* Embed Foundation Extensions */ = {
			isa = PBXCopyFilesBuildPhase;
			buildActionMask = 2147483647;
			dstPath = "";
			dstSubfolderSpec = 13;
			files = (
				E48497CE2ADE1AF800F12300 /* HWMTimersWatchWidgetExtension.appex in Embed Foundation Extensions */,
			);
			name = "Embed Foundation Extensions";
			runOnlyForDeploymentPostprocessing = 0;
		};
		E4D2C41C2AB2BBE9005FD6F4 /* Embed Watch Content */ = {
			isa = PBXCopyFilesBuildPhase;
			buildActionMask = 2147483647;
			dstPath = "$(CONTENTS_FOLDER_PATH)/Watch";
			dstSubfolderSpec = 16;
			files = (
				E4D2C41B2AB2BBE9005FD6F4 /* HWMTimersWatchApp.app in Embed Watch Content */,
			);
			name = "Embed Watch Content";
			runOnlyForDeploymentPostprocessing = 0;
		};
		E4F55C202AD774D60025C3C5 /* Embed Foundation Extensions */ = {
			isa = PBXCopyFilesBuildPhase;
			buildActionMask = 2147483647;
			dstPath = "";
			dstSubfolderSpec = 13;
			files = (
				E4F55C1F2AD774D60025C3C5 /* HWMTimersWigetExtension.appex in Embed Foundation Extensions */,
			);
			name = "Embed Foundation Extensions";
			runOnlyForDeploymentPostprocessing = 0;
		};
/* End PBXCopyFilesBuildPhase section */

/* Begin PBXFileReference section */
		E4080D952ABD11B800601A37 /* HWMTimers-Watch-App-Info.plist */ = {isa = PBXFileReference; lastKnownFileType = text.plist; path = "HWMTimers-Watch-App-Info.plist"; sourceTree = SOURCE_ROOT; };
		E453767B2AA0485700BFA32C /* SettingsView.swift */ = {isa = PBXFileReference; lastKnownFileType = sourcecode.swift; path = SettingsView.swift; sourceTree = "<group>"; };
		E453767D2AA04B9B00BFA32C /* TimerNotificationService.swift */ = {isa = PBXFileReference; lastKnownFileType = sourcecode.swift; path = TimerNotificationService.swift; sourceTree = "<group>"; };
		E4758B0D2AD6138300FFED40 /* README.md */ = {isa = PBXFileReference; lastKnownFileType = net.daringfireball.markdown; path = README.md; sourceTree = "<group>"; };
		E47F56652AC1014500C55597 /* SettingsViewModel.swift */ = {isa = PBXFileReference; lastKnownFileType = sourcecode.swift; path = SettingsViewModel.swift; sourceTree = "<group>"; };
		E48497B22ADCB23200F12300 /* HWMTimers.entitlements */ = {isa = PBXFileReference; lastKnownFileType = text.plist.entitlements; path = HWMTimers.entitlements; sourceTree = "<group>"; };
		E48497BB2ADE0E3500F12300 /* HWMTimersWatchWidgetExtension.appex */ = {isa = PBXFileReference; explicitFileType = "wrapper.app-extension"; includeInIndex = 0; path = HWMTimersWatchWidgetExtension.appex; sourceTree = BUILT_PRODUCTS_DIR; };
		E48497BF2ADE0E3500F12300 /* HWMTimersWatchWidget.swift */ = {isa = PBXFileReference; lastKnownFileType = sourcecode.swift; path = HWMTimersWatchWidget.swift; sourceTree = "<group>"; };
		E48497C12ADE0E3500F12300 /* AppIntent.swift */ = {isa = PBXFileReference; lastKnownFileType = sourcecode.swift; path = AppIntent.swift; sourceTree = "<group>"; };
		E48497C32ADE0E3600F12300 /* Assets.xcassets */ = {isa = PBXFileReference; lastKnownFileType = folder.assetcatalog; path = Assets.xcassets; sourceTree = "<group>"; };
		E48497C52ADE0E3600F12300 /* Info.plist */ = {isa = PBXFileReference; lastKnownFileType = text.plist.xml; path = Info.plist; sourceTree = "<group>"; };
		E48497D22ADE1BD300F12300 /* HWMTimersWatchWidgetExtension.entitlements */ = {isa = PBXFileReference; lastKnownFileType = text.plist.entitlements; path = HWMTimersWatchWidgetExtension.entitlements; sourceTree = "<group>"; };
		E48EF9462AB80A9E0086B159 /* HWMTimers Watch App.entitlements */ = {isa = PBXFileReference; lastKnownFileType = text.plist.entitlements; path = "HWMTimers Watch App.entitlements"; sourceTree = "<group>"; };
		E4D2C3F82AB2BBE8005FD6F4 /* HWMTimersWatchApp.app */ = {isa = PBXFileReference; explicitFileType = wrapper.application; includeInIndex = 0; path = HWMTimersWatchApp.app; sourceTree = BUILT_PRODUCTS_DIR; };
		E4D2C3FA2AB2BBE8005FD6F4 /* HWMTimers_WatchApp.swift */ = {isa = PBXFileReference; lastKnownFileType = sourcecode.swift; path = HWMTimers_WatchApp.swift; sourceTree = "<group>"; };
		E4D2C3FC2AB2BBE8005FD6F4 /* ContentView.swift */ = {isa = PBXFileReference; lastKnownFileType = sourcecode.swift; path = ContentView.swift; sourceTree = "<group>"; };
		E4D2C3FE2AB2BBE9005FD6F4 /* Assets.xcassets */ = {isa = PBXFileReference; lastKnownFileType = folder.assetcatalog; path = Assets.xcassets; sourceTree = "<group>"; };
		E4D2C4012AB2BBE9005FD6F4 /* Preview Assets.xcassets */ = {isa = PBXFileReference; lastKnownFileType = folder.assetcatalog; path = "Preview Assets.xcassets"; sourceTree = "<group>"; };
		E4D2C4072AB2BBE9005FD6F4 /* HWMTimers Watch AppTests.xctest */ = {isa = PBXFileReference; explicitFileType = wrapper.cfbundle; includeInIndex = 0; path = "HWMTimers Watch AppTests.xctest"; sourceTree = BUILT_PRODUCTS_DIR; };
		E4D2C40B2AB2BBE9005FD6F4 /* HWMTimers_Watch_Watch_AppTests.swift */ = {isa = PBXFileReference; lastKnownFileType = sourcecode.swift; path = HWMTimers_Watch_Watch_AppTests.swift; sourceTree = "<group>"; };
		E4D2C4112AB2BBE9005FD6F4 /* HWMTimers Watch AppUITests.xctest */ = {isa = PBXFileReference; explicitFileType = wrapper.cfbundle; includeInIndex = 0; path = "HWMTimers Watch AppUITests.xctest"; sourceTree = BUILT_PRODUCTS_DIR; };
		E4D2C4152AB2BBE9005FD6F4 /* HWMTimers_Watch_Watch_AppUITests.swift */ = {isa = PBXFileReference; lastKnownFileType = sourcecode.swift; path = HWMTimers_Watch_Watch_AppUITests.swift; sourceTree = "<group>"; };
		E4D2C4172AB2BBE9005FD6F4 /* HWMTimers_Watch_Watch_AppUITestsLaunchTests.swift */ = {isa = PBXFileReference; lastKnownFileType = sourcecode.swift; path = HWMTimers_Watch_Watch_AppUITestsLaunchTests.swift; sourceTree = "<group>"; };
		E4EC3E352AA68E72003B0E3B /* AGEventTimersTests.swift */ = {isa = PBXFileReference; lastKnownFileType = sourcecode.swift; path = AGEventTimersTests.swift; sourceTree = "<group>"; };
		E4F2B8AC2ABD4EF60027A38E /* Config.xcconfig */ = {isa = PBXFileReference; lastKnownFileType = text.xcconfig; path = Config.xcconfig; sourceTree = "<group>"; };
		E4F55C022AD73F080025C3C5 /* HWMTimersShared */ = {isa = PBXFileReference; lastKnownFileType = wrapper; path = HWMTimersShared; sourceTree = "<group>"; };
		E4F55C0C2AD774D50025C3C5 /* HWMTimersWigetExtension.appex */ = {isa = PBXFileReference; explicitFileType = "wrapper.app-extension"; includeInIndex = 0; path = HWMTimersWigetExtension.appex; sourceTree = BUILT_PRODUCTS_DIR; };
		E4F55C0E2AD774D50025C3C5 /* WidgetKit.framework */ = {isa = PBXFileReference; lastKnownFileType = wrapper.framework; name = WidgetKit.framework; path = /System/Library/Frameworks/WidgetKit.framework; sourceTree = "<absolute>"; };
		E4F55C102AD774D50025C3C5 /* SwiftUI.framework */ = {isa = PBXFileReference; lastKnownFileType = wrapper.framework; name = SwiftUI.framework; path = /System/Library/Frameworks/SwiftUI.framework; sourceTree = "<absolute>"; };
		E4F55C132AD774D50025C3C5 /* HWMTimersWigetBundle.swift */ = {isa = PBXFileReference; lastKnownFileType = sourcecode.swift; path = HWMTimersWigetBundle.swift; sourceTree = "<group>"; };
		E4F55C152AD774D50025C3C5 /* HWMTimersWiget.swift */ = {isa = PBXFileReference; lastKnownFileType = sourcecode.swift; path = HWMTimersWiget.swift; sourceTree = "<group>"; };
		E4F55C172AD774D50025C3C5 /* AppIntent.swift */ = {isa = PBXFileReference; lastKnownFileType = sourcecode.swift; path = AppIntent.swift; sourceTree = "<group>"; };
		E4F55C192AD774D60025C3C5 /* Assets.xcassets */ = {isa = PBXFileReference; lastKnownFileType = folder.assetcatalog; path = Assets.xcassets; sourceTree = "<group>"; };
		E4F55C1B2AD774D60025C3C5 /* Info.plist */ = {isa = PBXFileReference; lastKnownFileType = text.plist.xml; path = Info.plist; sourceTree = "<group>"; };
		E4F55C1C2AD774D60025C3C5 /* HWMTimersWiget.entitlements */ = {isa = PBXFileReference; lastKnownFileType = text.plist.entitlements; path = HWMTimersWiget.entitlements; sourceTree = "<group>"; };
		E4FABD4F2A9C41B300C93EA8 /* HWMTimers.app */ = {isa = PBXFileReference; explicitFileType = wrapper.application; includeInIndex = 0; path = HWMTimers.app; sourceTree = BUILT_PRODUCTS_DIR; };
		E4FABD522A9C41B300C93EA8 /* HWMTimersApp.swift */ = {isa = PBXFileReference; lastKnownFileType = sourcecode.swift; path = HWMTimersApp.swift; sourceTree = "<group>"; };
		E4FABD542A9C41B300C93EA8 /* ContentView.swift */ = {isa = PBXFileReference; lastKnownFileType = sourcecode.swift; path = ContentView.swift; sourceTree = "<group>"; };
		E4FABD562A9C41B300C93EA8 /* Assets.xcassets */ = {isa = PBXFileReference; lastKnownFileType = folder.assetcatalog; path = Assets.xcassets; sourceTree = "<group>"; };
		E4FABD592A9C41B300C93EA8 /* Preview Assets.xcassets */ = {isa = PBXFileReference; lastKnownFileType = folder.assetcatalog; path = "Preview Assets.xcassets"; sourceTree = "<group>"; };
		E4FABD5F2A9C41B300C93EA8 /* HWMTimersTests.xctest */ = {isa = PBXFileReference; explicitFileType = wrapper.cfbundle; includeInIndex = 0; path = HWMTimersTests.xctest; sourceTree = BUILT_PRODUCTS_DIR; };
		E4FABD632A9C41B300C93EA8 /* HWMTimersTests.swift */ = {isa = PBXFileReference; lastKnownFileType = sourcecode.swift; path = HWMTimersTests.swift; sourceTree = "<group>"; };
		E4FABD692A9C41B400C93EA8 /* HWMTimersUITests.xctest */ = {isa = PBXFileReference; explicitFileType = wrapper.cfbundle; includeInIndex = 0; path = HWMTimersUITests.xctest; sourceTree = BUILT_PRODUCTS_DIR; };
		E4FABD6D2A9C41B400C93EA8 /* HWMTimersUITests.swift */ = {isa = PBXFileReference; lastKnownFileType = sourcecode.swift; path = HWMTimersUITests.swift; sourceTree = "<group>"; };
		E4FABD6F2A9C41B400C93EA8 /* HWMTimersUITestsLaunchTests.swift */ = {isa = PBXFileReference; lastKnownFileType = sourcecode.swift; path = HWMTimersUITestsLaunchTests.swift; sourceTree = "<group>"; };
		E4FABD872A9D56C200C93EA8 /* AGHomeworldMobileEventTimerTests.swift */ = {isa = PBXFileReference; lastKnownFileType = sourcecode.swift; path = AGHomeworldMobileEventTimerTests.swift; sourceTree = "<group>"; };
		E4FABD8A2A9D810400C93EA8 /* AssignmentView.swift */ = {isa = PBXFileReference; lastKnownFileType = sourcecode.swift; path = AssignmentView.swift; sourceTree = "<group>"; };
		E4FABD8C2A9D823700C93EA8 /* AGAssignmentViewModel.swift */ = {isa = PBXFileReference; lastKnownFileType = sourcecode.swift; path = AGAssignmentViewModel.swift; sourceTree = "<group>"; };
		E4FABD8F2A9D9B2F00C93EA8 /* Michroma-Regular.ttf */ = {isa = PBXFileReference; lastKnownFileType = file; path = "Michroma-Regular.ttf"; sourceTree = "<group>"; };
		E4FABD912A9D9CEA00C93EA8 /* Info.plist */ = {isa = PBXFileReference; lastKnownFileType = text.plist; path = Info.plist; sourceTree = "<group>"; };
		E4FABD932A9D9D4D00C93EA8 /* HWMTimerTheme.swift */ = {isa = PBXFileReference; lastKnownFileType = sourcecode.swift; path = HWMTimerTheme.swift; sourceTree = "<group>"; };
/* End PBXFileReference section */

/* Begin PBXFrameworksBuildPhase section */
		E48497B82ADE0E3500F12300 /* Frameworks */ = {
			isa = PBXFrameworksBuildPhase;
			buildActionMask = 2147483647;
			files = (
				E48497BD2ADE0E3500F12300 /* SwiftUI.framework in Frameworks */,
				E48497BC2ADE0E3500F12300 /* WidgetKit.framework in Frameworks */,
				E48497D42ADE1CCE00F12300 /* HWMTimersShared in Frameworks */,
			);
			runOnlyForDeploymentPostprocessing = 0;
		};
		E4D2C3F52AB2BBE8005FD6F4 /* Frameworks */ = {
			isa = PBXFrameworksBuildPhase;
			buildActionMask = 2147483647;
			files = (
				E4F55C072AD73F610025C3C5 /* HWMTimersShared in Frameworks */,
			);
			runOnlyForDeploymentPostprocessing = 0;
		};
		E4D2C4042AB2BBE9005FD6F4 /* Frameworks */ = {
			isa = PBXFrameworksBuildPhase;
			buildActionMask = 2147483647;
			files = (
			);
			runOnlyForDeploymentPostprocessing = 0;
		};
		E4D2C40E2AB2BBE9005FD6F4 /* Frameworks */ = {
			isa = PBXFrameworksBuildPhase;
			buildActionMask = 2147483647;
			files = (
			);
			runOnlyForDeploymentPostprocessing = 0;
		};
		E4F55C092AD774D50025C3C5 /* Frameworks */ = {
			isa = PBXFrameworksBuildPhase;
			buildActionMask = 2147483647;
			files = (
				E4F55C112AD774D50025C3C5 /* SwiftUI.framework in Frameworks */,
				E4F55C0F2AD774D50025C3C5 /* WidgetKit.framework in Frameworks */,
				E4F55C252AD794730025C3C5 /* HWMTimersShared in Frameworks */,
			);
			runOnlyForDeploymentPostprocessing = 0;
		};
		E4FABD4C2A9C41B300C93EA8 /* Frameworks */ = {
			isa = PBXFrameworksBuildPhase;
			buildActionMask = 2147483647;
			files = (
				E4F55C052AD73F3D0025C3C5 /* HWMTimersShared in Frameworks */,
				E4AD0D652AB7E32D003FD5BC /* NiceNotifications in Frameworks */,
			);
			runOnlyForDeploymentPostprocessing = 0;
		};
		E4FABD5C2A9C41B300C93EA8 /* Frameworks */ = {
			isa = PBXFrameworksBuildPhase;
			buildActionMask = 2147483647;
			files = (
			);
			runOnlyForDeploymentPostprocessing = 0;
		};
		E4FABD662A9C41B400C93EA8 /* Frameworks */ = {
			isa = PBXFrameworksBuildPhase;
			buildActionMask = 2147483647;
			files = (
			);
			runOnlyForDeploymentPostprocessing = 0;
		};
/* End PBXFrameworksBuildPhase section */

/* Begin PBXGroup section */
		E453767A2AA0484000BFA32C /* Settings */ = {
			isa = PBXGroup;
			children = (
				E453767B2AA0485700BFA32C /* SettingsView.swift */,
				E47F56652AC1014500C55597 /* SettingsViewModel.swift */,
			);
			path = Settings;
			sourceTree = "<group>";
		};
		E48497BE2ADE0E3500F12300 /* HWMTimersWatchWidget */ = {
			isa = PBXGroup;
			children = (
				E48497BF2ADE0E3500F12300 /* HWMTimersWatchWidget.swift */,
				E48497C12ADE0E3500F12300 /* AppIntent.swift */,
				E48497C32ADE0E3600F12300 /* Assets.xcassets */,
				E48497C52ADE0E3600F12300 /* Info.plist */,
			);
			path = HWMTimersWatchWidget;
			sourceTree = "<group>";
		};
		E4D2C3F92AB2BBE8005FD6F4 /* HWMTimers Watch App */ = {
			isa = PBXGroup;
			children = (
				E4080D952ABD11B800601A37 /* HWMTimers-Watch-App-Info.plist */,
				E4D2C3FA2AB2BBE8005FD6F4 /* HWMTimers_WatchApp.swift */,
				E4D2C3FC2AB2BBE8005FD6F4 /* ContentView.swift */,
				E4D2C3FE2AB2BBE9005FD6F4 /* Assets.xcassets */,
				E4D2C4002AB2BBE9005FD6F4 /* Preview Content */,
			);
			path = "HWMTimers Watch App";
			sourceTree = "<group>";
		};
		E4D2C4002AB2BBE9005FD6F4 /* Preview Content */ = {
			isa = PBXGroup;
			children = (
				E4D2C4012AB2BBE9005FD6F4 /* Preview Assets.xcassets */,
			);
			path = "Preview Content";
			sourceTree = "<group>";
		};
		E4D2C40A2AB2BBE9005FD6F4 /* HWMTimers Watch AppTests */ = {
			isa = PBXGroup;
			children = (
				E4D2C40B2AB2BBE9005FD6F4 /* HWMTimers_Watch_Watch_AppTests.swift */,
			);
			path = "HWMTimers Watch AppTests";
			sourceTree = "<group>";
		};
		E4D2C4142AB2BBE9005FD6F4 /* HWMTimers Watch AppUITests */ = {
			isa = PBXGroup;
			children = (
				E4D2C4152AB2BBE9005FD6F4 /* HWMTimers_Watch_Watch_AppUITests.swift */,
				E4D2C4172AB2BBE9005FD6F4 /* HWMTimers_Watch_Watch_AppUITestsLaunchTests.swift */,
			);
			path = "HWMTimers Watch AppUITests";
			sourceTree = "<group>";
		};
		E4F55C0D2AD774D50025C3C5 /* Frameworks */ = {
			isa = PBXGroup;
			children = (
				E4F55C0E2AD774D50025C3C5 /* WidgetKit.framework */,
				E4F55C102AD774D50025C3C5 /* SwiftUI.framework */,
			);
			name = Frameworks;
			sourceTree = "<group>";
		};
		E4F55C122AD774D50025C3C5 /* HWMTimersWiget */ = {
			isa = PBXGroup;
			children = (
				E4F55C132AD774D50025C3C5 /* HWMTimersWigetBundle.swift */,
				E4F55C152AD774D50025C3C5 /* HWMTimersWiget.swift */,
				E4F55C172AD774D50025C3C5 /* AppIntent.swift */,
				E4F55C192AD774D60025C3C5 /* Assets.xcassets */,
				E4F55C1B2AD774D60025C3C5 /* Info.plist */,
				E4F55C1C2AD774D60025C3C5 /* HWMTimersWiget.entitlements */,
			);
			path = HWMTimersWiget;
			sourceTree = "<group>";
		};
		E4FABD462A9C41B300C93EA8 = {
			isa = PBXGroup;
			children = (
				E48497D22ADE1BD300F12300 /* HWMTimersWatchWidgetExtension.entitlements */,
				E4F55C022AD73F080025C3C5 /* HWMTimersShared */,
				E4758B0D2AD6138300FFED40 /* README.md */,
				E4F2B8AC2ABD4EF60027A38E /* Config.xcconfig */,
				E48EF9462AB80A9E0086B159 /* HWMTimers Watch App.entitlements */,
				E4FABD512A9C41B300C93EA8 /* HWMTimers */,
				E4FABD622A9C41B300C93EA8 /* HWMTimersTests */,
				E4FABD6C2A9C41B400C93EA8 /* HWMTimersUITests */,
				E4D2C3F92AB2BBE8005FD6F4 /* HWMTimers Watch App */,
				E4D2C40A2AB2BBE9005FD6F4 /* HWMTimers Watch AppTests */,
				E4D2C4142AB2BBE9005FD6F4 /* HWMTimers Watch AppUITests */,
				E4F55C122AD774D50025C3C5 /* HWMTimersWiget */,
				E48497BE2ADE0E3500F12300 /* HWMTimersWatchWidget */,
				E4F55C0D2AD774D50025C3C5 /* Frameworks */,
				E4FABD502A9C41B300C93EA8 /* Products */,
			);
			sourceTree = "<group>";
		};
		E4FABD502A9C41B300C93EA8 /* Products */ = {
			isa = PBXGroup;
			children = (
				E4FABD4F2A9C41B300C93EA8 /* HWMTimers.app */,
				E4FABD5F2A9C41B300C93EA8 /* HWMTimersTests.xctest */,
				E4FABD692A9C41B400C93EA8 /* HWMTimersUITests.xctest */,
				E4D2C3F82AB2BBE8005FD6F4 /* HWMTimersWatchApp.app */,
				E4D2C4072AB2BBE9005FD6F4 /* HWMTimers Watch AppTests.xctest */,
				E4D2C4112AB2BBE9005FD6F4 /* HWMTimers Watch AppUITests.xctest */,
				E4F55C0C2AD774D50025C3C5 /* HWMTimersWigetExtension.appex */,
				E48497BB2ADE0E3500F12300 /* HWMTimersWatchWidgetExtension.appex */,
			);
			name = Products;
			sourceTree = "<group>";
		};
		E4FABD512A9C41B300C93EA8 /* HWMTimers */ = {
			isa = PBXGroup;
			children = (
				E48497B22ADCB23200F12300 /* HWMTimers.entitlements */,
				E453767A2AA0484000BFA32C /* Settings */,
				E4FABD922A9D9D3F00C93EA8 /* Extensions */,
				E4FABD892A9D80F600C93EA8 /* Views */,
				E4FABD7C2A9C4BBA00C93EA8 /* Model */,
				E4FABD522A9C41B300C93EA8 /* HWMTimersApp.swift */,
				E4FABD542A9C41B300C93EA8 /* ContentView.swift */,
				E4FABD562A9C41B300C93EA8 /* Assets.xcassets */,
				E4FABD8F2A9D9B2F00C93EA8 /* Michroma-Regular.ttf */,
				E4FABD912A9D9CEA00C93EA8 /* Info.plist */,
				E4FABD582A9C41B300C93EA8 /* Preview Content */,
			);
			path = HWMTimers;
			sourceTree = "<group>";
		};
		E4FABD582A9C41B300C93EA8 /* Preview Content */ = {
			isa = PBXGroup;
			children = (
				E4FABD592A9C41B300C93EA8 /* Preview Assets.xcassets */,
			);
			path = "Preview Content";
			sourceTree = "<group>";
		};
		E4FABD622A9C41B300C93EA8 /* HWMTimersTests */ = {
			isa = PBXGroup;
			children = (
				E4FABD862A9D56AC00C93EA8 /* Model */,
				E4FABD632A9C41B300C93EA8 /* HWMTimersTests.swift */,
			);
			path = HWMTimersTests;
			sourceTree = "<group>";
		};
		E4FABD6C2A9C41B400C93EA8 /* HWMTimersUITests */ = {
			isa = PBXGroup;
			children = (
				E4FABD6D2A9C41B400C93EA8 /* HWMTimersUITests.swift */,
				E4FABD6F2A9C41B400C93EA8 /* HWMTimersUITestsLaunchTests.swift */,
			);
			path = HWMTimersUITests;
			sourceTree = "<group>";
		};
		E4FABD7C2A9C4BBA00C93EA8 /* Model */ = {
			isa = PBXGroup;
			children = (
				E4FABD8C2A9D823700C93EA8 /* AGAssignmentViewModel.swift */,
				E453767D2AA04B9B00BFA32C /* TimerNotificationService.swift */,
			);
			path = Model;
			sourceTree = "<group>";
		};
		E4FABD862A9D56AC00C93EA8 /* Model */ = {
			isa = PBXGroup;
			children = (
				E4FABD872A9D56C200C93EA8 /* AGHomeworldMobileEventTimerTests.swift */,
				E4EC3E352AA68E72003B0E3B /* AGEventTimersTests.swift */,
			);
			path = Model;
			sourceTree = "<group>";
		};
		E4FABD892A9D80F600C93EA8 /* Views */ = {
			isa = PBXGroup;
			children = (
				E4FABD8A2A9D810400C93EA8 /* AssignmentView.swift */,
			);
			path = Views;
			sourceTree = "<group>";
		};
		E4FABD922A9D9D3F00C93EA8 /* Extensions */ = {
			isa = PBXGroup;
			children = (
				E4FABD932A9D9D4D00C93EA8 /* HWMTimerTheme.swift */,
			);
			path = Extensions;
			sourceTree = "<group>";
		};
/* End PBXGroup section */

/* Begin PBXNativeTarget section */
		E48497BA2ADE0E3500F12300 /* HWMTimersWatchWidgetExtension */ = {
			isa = PBXNativeTarget;
			buildConfigurationList = E48497C92ADE0E3600F12300 /* Build configuration list for PBXNativeTarget "HWMTimersWatchWidgetExtension" */;
			buildPhases = (
				E48497B72ADE0E3500F12300 /* Sources */,
				E48497B82ADE0E3500F12300 /* Frameworks */,
				E48497B92ADE0E3500F12300 /* Resources */,
			);
			buildRules = (
			);
			dependencies = (
			);
			name = HWMTimersWatchWidgetExtension;
			packageProductDependencies = (
				E48497D32ADE1CCE00F12300 /* HWMTimersShared */,
			);
			productName = HWMTimersWatchWidgetExtensionExtension;
			productReference = E48497BB2ADE0E3500F12300 /* HWMTimersWatchWidgetExtension.appex */;
			productType = "com.apple.product-type.app-extension";
		};
		E4D2C3F72AB2BBE8005FD6F4 /* HWMTimers Watch App */ = {
			isa = PBXNativeTarget;
			buildConfigurationList = E4D2C4232AB2BBE9005FD6F4 /* Build configuration list for PBXNativeTarget "HWMTimers Watch App" */;
			buildPhases = (
				E4D2C3F42AB2BBE8005FD6F4 /* Sources */,
				E4D2C3F52AB2BBE8005FD6F4 /* Frameworks */,
				E4D2C3F62AB2BBE8005FD6F4 /* Resources */,
				E48497D12ADE1AF800F12300 /* Embed Foundation Extensions */,
			);
			buildRules = (
			);
			dependencies = (
				E48497D02ADE1AF800F12300 /* PBXTargetDependency */,
			);
			name = "HWMTimers Watch App";
			packageProductDependencies = (
				E4F55C062AD73F610025C3C5 /* HWMTimersShared */,
			);
			productName = "HWMTimers Watch Watch App";
			productReference = E4D2C3F82AB2BBE8005FD6F4 /* HWMTimersWatchApp.app */;
			productType = "com.apple.product-type.application";
		};
		E4D2C4062AB2BBE9005FD6F4 /* HWMTimers Watch AppTests */ = {
			isa = PBXNativeTarget;
			buildConfigurationList = E4D2C4242AB2BBE9005FD6F4 /* Build configuration list for PBXNativeTarget "HWMTimers Watch AppTests" */;
			buildPhases = (
				E4D2C4032AB2BBE9005FD6F4 /* Sources */,
				E4D2C4042AB2BBE9005FD6F4 /* Frameworks */,
				E4D2C4052AB2BBE9005FD6F4 /* Resources */,
			);
			buildRules = (
			);
			dependencies = (
				E4D2C4092AB2BBE9005FD6F4 /* PBXTargetDependency */,
			);
			name = "HWMTimers Watch AppTests";
			productName = "HWMTimers Watch Watch AppTests";
			productReference = E4D2C4072AB2BBE9005FD6F4 /* HWMTimers Watch AppTests.xctest */;
			productType = "com.apple.product-type.bundle.unit-test";
		};
		E4D2C4102AB2BBE9005FD6F4 /* HWMTimers Watch AppUITests */ = {
			isa = PBXNativeTarget;
			buildConfigurationList = E4D2C4252AB2BBE9005FD6F4 /* Build configuration list for PBXNativeTarget "HWMTimers Watch AppUITests" */;
			buildPhases = (
				E4D2C40D2AB2BBE9005FD6F4 /* Sources */,
				E4D2C40E2AB2BBE9005FD6F4 /* Frameworks */,
				E4D2C40F2AB2BBE9005FD6F4 /* Resources */,
			);
			buildRules = (
			);
			dependencies = (
				E4D2C4132AB2BBE9005FD6F4 /* PBXTargetDependency */,
			);
			name = "HWMTimers Watch AppUITests";
			productName = "HWMTimers Watch Watch AppUITests";
			productReference = E4D2C4112AB2BBE9005FD6F4 /* HWMTimers Watch AppUITests.xctest */;
			productType = "com.apple.product-type.bundle.ui-testing";
		};
		E4F55C0B2AD774D50025C3C5 /* HWMTimersWigetExtension */ = {
			isa = PBXNativeTarget;
			buildConfigurationList = E4F55C232AD774D60025C3C5 /* Build configuration list for PBXNativeTarget "HWMTimersWigetExtension" */;
			buildPhases = (
				E4F55C082AD774D50025C3C5 /* Sources */,
				E4F55C092AD774D50025C3C5 /* Frameworks */,
				E4F55C0A2AD774D50025C3C5 /* Resources */,
			);
			buildRules = (
			);
			dependencies = (
			);
			name = HWMTimersWigetExtension;
			packageProductDependencies = (
				E4F55C242AD794730025C3C5 /* HWMTimersShared */,
			);
			productName = HWMTimersWigetExtension;
			productReference = E4F55C0C2AD774D50025C3C5 /* HWMTimersWigetExtension.appex */;
			productType = "com.apple.product-type.app-extension";
		};
		E4FABD4E2A9C41B300C93EA8 /* HWMTimers */ = {
			isa = PBXNativeTarget;
			buildConfigurationList = E4FABD732A9C41B400C93EA8 /* Build configuration list for PBXNativeTarget "HWMTimers" */;
			buildPhases = (
				E4FABD4B2A9C41B300C93EA8 /* Sources */,
				E4FABD4C2A9C41B300C93EA8 /* Frameworks */,
				E4FABD4D2A9C41B300C93EA8 /* Resources */,
				E4D2C41C2AB2BBE9005FD6F4 /* Embed Watch Content */,
				E4F55C202AD774D60025C3C5 /* Embed Foundation Extensions */,
			);
			buildRules = (
			);
			dependencies = (
				E4D2C41A2AB2BBE9005FD6F4 /* PBXTargetDependency */,
				E4F55C1E2AD774D60025C3C5 /* PBXTargetDependency */,
			);
			name = HWMTimers;
			packageProductDependencies = (
				E4AD0D642AB7E32D003FD5BC /* NiceNotifications */,
				E4F55C042AD73F3D0025C3C5 /* HWMTimersShared */,
			);
			productName = HWMTimers;
			productReference = E4FABD4F2A9C41B300C93EA8 /* HWMTimers.app */;
			productType = "com.apple.product-type.application";
		};
		E4FABD5E2A9C41B300C93EA8 /* HWMTimersTests */ = {
			isa = PBXNativeTarget;
			buildConfigurationList = E4FABD762A9C41B400C93EA8 /* Build configuration list for PBXNativeTarget "HWMTimersTests" */;
			buildPhases = (
				E4FABD5B2A9C41B300C93EA8 /* Sources */,
				E4FABD5C2A9C41B300C93EA8 /* Frameworks */,
				E4FABD5D2A9C41B300C93EA8 /* Resources */,
			);
			buildRules = (
			);
			dependencies = (
				E4FABD612A9C41B300C93EA8 /* PBXTargetDependency */,
			);
			name = HWMTimersTests;
			productName = HWMTimersTests;
			productReference = E4FABD5F2A9C41B300C93EA8 /* HWMTimersTests.xctest */;
			productType = "com.apple.product-type.bundle.unit-test";
		};
		E4FABD682A9C41B400C93EA8 /* HWMTimersUITests */ = {
			isa = PBXNativeTarget;
			buildConfigurationList = E4FABD792A9C41B400C93EA8 /* Build configuration list for PBXNativeTarget "HWMTimersUITests" */;
			buildPhases = (
				E4FABD652A9C41B400C93EA8 /* Sources */,
				E4FABD662A9C41B400C93EA8 /* Frameworks */,
				E4FABD672A9C41B400C93EA8 /* Resources */,
			);
			buildRules = (
			);
			dependencies = (
				E4FABD6B2A9C41B400C93EA8 /* PBXTargetDependency */,
			);
			name = HWMTimersUITests;
			productName = HWMTimersUITests;
			productReference = E4FABD692A9C41B400C93EA8 /* HWMTimersUITests.xctest */;
			productType = "com.apple.product-type.bundle.ui-testing";
		};
/* End PBXNativeTarget section */

/* Begin PBXProject section */
		E4FABD472A9C41B300C93EA8 /* Project object */ = {
			isa = PBXProject;
			attributes = {
				BuildIndependentTargetsInParallel = 1;
				LastSwiftUpdateCheck = 1500;
				LastUpgradeCheck = 1430;
				TargetAttributes = {
					E48497BA2ADE0E3500F12300 = {
						CreatedOnToolsVersion = 15.0;
					};
					E4D2C3F72AB2BBE8005FD6F4 = {
						CreatedOnToolsVersion = 14.3;
					};
					E4D2C4062AB2BBE9005FD6F4 = {
						CreatedOnToolsVersion = 14.3;
						TestTargetID = E4D2C3F72AB2BBE8005FD6F4;
					};
					E4D2C4102AB2BBE9005FD6F4 = {
						CreatedOnToolsVersion = 14.3;
						TestTargetID = E4D2C3F72AB2BBE8005FD6F4;
					};
					E4F55C0B2AD774D50025C3C5 = {
						CreatedOnToolsVersion = 15.0;
					};
					E4FABD4E2A9C41B300C93EA8 = {
						CreatedOnToolsVersion = 14.3;
					};
					E4FABD5E2A9C41B300C93EA8 = {
						CreatedOnToolsVersion = 14.3;
						TestTargetID = E4FABD4E2A9C41B300C93EA8;
					};
					E4FABD682A9C41B400C93EA8 = {
						CreatedOnToolsVersion = 14.3;
						TestTargetID = E4FABD4E2A9C41B300C93EA8;
					};
				};
			};
			buildConfigurationList = E4FABD4A2A9C41B300C93EA8 /* Build configuration list for PBXProject "HWMTimers" */;
			compatibilityVersion = "Xcode 14.0";
			developmentRegion = en;
			hasScannedForEncodings = 0;
			knownRegions = (
				en,
				Base,
			);
			mainGroup = E4FABD462A9C41B300C93EA8;
			packageReferences = (
				E4AD0D632AB7E32D003FD5BC /* XCRemoteSwiftPackageReference "NiceNotifications" */,
				E4F55C032AD73F3D0025C3C5 /* XCLocalSwiftPackageReference "HWMTimersShared" */,
			);
			productRefGroup = E4FABD502A9C41B300C93EA8 /* Products */;
			projectDirPath = "";
			projectRoot = "";
			targets = (
				E4FABD4E2A9C41B300C93EA8 /* HWMTimers */,
				E4F55C0B2AD774D50025C3C5 /* HWMTimersWigetExtension */,
				E4FABD5E2A9C41B300C93EA8 /* HWMTimersTests */,
				E4FABD682A9C41B400C93EA8 /* HWMTimersUITests */,
				E4D2C3F72AB2BBE8005FD6F4 /* HWMTimers Watch App */,
				E48497BA2ADE0E3500F12300 /* HWMTimersWatchWidgetExtension */,
				E4D2C4062AB2BBE9005FD6F4 /* HWMTimers Watch AppTests */,
				E4D2C4102AB2BBE9005FD6F4 /* HWMTimers Watch AppUITests */,
			);
		};
/* End PBXProject section */

/* Begin PBXResourcesBuildPhase section */
		E48497B92ADE0E3500F12300 /* Resources */ = {
			isa = PBXResourcesBuildPhase;
			buildActionMask = 2147483647;
			files = (
				E48497C42ADE0E3600F12300 /* Assets.xcassets in Resources */,
			);
			runOnlyForDeploymentPostprocessing = 0;
		};
		E4D2C3F62AB2BBE8005FD6F4 /* Resources */ = {
			isa = PBXResourcesBuildPhase;
			buildActionMask = 2147483647;
			files = (
				E4D2C4022AB2BBE9005FD6F4 /* Preview Assets.xcassets in Resources */,
				E4080D942ABD0EFC00601A37 /* Michroma-Regular.ttf in Resources */,
				E4D2C3FF2AB2BBE9005FD6F4 /* Assets.xcassets in Resources */,
			);
			runOnlyForDeploymentPostprocessing = 0;
		};
		E4D2C4052AB2BBE9005FD6F4 /* Resources */ = {
			isa = PBXResourcesBuildPhase;
			buildActionMask = 2147483647;
			files = (
			);
			runOnlyForDeploymentPostprocessing = 0;
		};
		E4D2C40F2AB2BBE9005FD6F4 /* Resources */ = {
			isa = PBXResourcesBuildPhase;
			buildActionMask = 2147483647;
			files = (
			);
			runOnlyForDeploymentPostprocessing = 0;
		};
		E4F55C0A2AD774D50025C3C5 /* Resources */ = {
			isa = PBXResourcesBuildPhase;
			buildActionMask = 2147483647;
			files = (
				E4F55C1A2AD774D60025C3C5 /* Assets.xcassets in Resources */,
			);
			runOnlyForDeploymentPostprocessing = 0;
		};
		E4FABD4D2A9C41B300C93EA8 /* Resources */ = {
			isa = PBXResourcesBuildPhase;
			buildActionMask = 2147483647;
			files = (
				E4FABD5A2A9C41B300C93EA8 /* Preview Assets.xcassets in Resources */,
				E4FABD902A9D9B2F00C93EA8 /* Michroma-Regular.ttf in Resources */,
				E4FABD572A9C41B300C93EA8 /* Assets.xcassets in Resources */,
			);
			runOnlyForDeploymentPostprocessing = 0;
		};
		E4FABD5D2A9C41B300C93EA8 /* Resources */ = {
			isa = PBXResourcesBuildPhase;
			buildActionMask = 2147483647;
			files = (
			);
			runOnlyForDeploymentPostprocessing = 0;
		};
		E4FABD672A9C41B400C93EA8 /* Resources */ = {
			isa = PBXResourcesBuildPhase;
			buildActionMask = 2147483647;
			files = (
			);
			runOnlyForDeploymentPostprocessing = 0;
		};
/* End PBXResourcesBuildPhase section */

/* Begin PBXSourcesBuildPhase section */
		E48497B72ADE0E3500F12300 /* Sources */ = {
			isa = PBXSourcesBuildPhase;
			buildActionMask = 2147483647;
			files = (
				E48497C02ADE0E3500F12300 /* HWMTimersWatchWidget.swift in Sources */,
				E48497C22ADE0E3500F12300 /* AppIntent.swift in Sources */,
			);
			runOnlyForDeploymentPostprocessing = 0;
		};
		E4D2C3F42AB2BBE8005FD6F4 /* Sources */ = {
			isa = PBXSourcesBuildPhase;
			buildActionMask = 2147483647;
			files = (
				E4D2C3FD2AB2BBE8005FD6F4 /* ContentView.swift in Sources */,
				E4AD0D662AB7E6BA003FD5BC /* HWMTimerTheme.swift in Sources */,
				E4D2C3FB2AB2BBE8005FD6F4 /* HWMTimers_WatchApp.swift in Sources */,
			);
			runOnlyForDeploymentPostprocessing = 0;
		};
		E4D2C4032AB2BBE9005FD6F4 /* Sources */ = {
			isa = PBXSourcesBuildPhase;
			buildActionMask = 2147483647;
			files = (
				E4D2C40C2AB2BBE9005FD6F4 /* HWMTimers_Watch_Watch_AppTests.swift in Sources */,
			);
			runOnlyForDeploymentPostprocessing = 0;
		};
		E4D2C40D2AB2BBE9005FD6F4 /* Sources */ = {
			isa = PBXSourcesBuildPhase;
			buildActionMask = 2147483647;
			files = (
				E4D2C4162AB2BBE9005FD6F4 /* HWMTimers_Watch_Watch_AppUITests.swift in Sources */,
				E4D2C4182AB2BBE9005FD6F4 /* HWMTimers_Watch_Watch_AppUITestsLaunchTests.swift in Sources */,
				E48497CD2ADE13F400F12300 /* AppIntent.swift in Sources */,
			);
			runOnlyForDeploymentPostprocessing = 0;
		};
		E4F55C082AD774D50025C3C5 /* Sources */ = {
			isa = PBXSourcesBuildPhase;
			buildActionMask = 2147483647;
			files = (
				E4F55C142AD774D50025C3C5 /* HWMTimersWigetBundle.swift in Sources */,
				E4F55C162AD774D50025C3C5 /* HWMTimersWiget.swift in Sources */,
				E4F55C182AD774D50025C3C5 /* AppIntent.swift in Sources */,
			);
			runOnlyForDeploymentPostprocessing = 0;
		};
		E4FABD4B2A9C41B300C93EA8 /* Sources */ = {
			isa = PBXSourcesBuildPhase;
			buildActionMask = 2147483647;
			files = (
				E4FABD552A9C41B300C93EA8 /* ContentView.swift in Sources */,
				E4FABD532A9C41B300C93EA8 /* HWMTimersApp.swift in Sources */,
				E453767E2AA04B9B00BFA32C /* TimerNotificationService.swift in Sources */,
				E4FABD8B2A9D810400C93EA8 /* AssignmentView.swift in Sources */,
				E453767C2AA0485700BFA32C /* SettingsView.swift in Sources */,
				E4FABD942A9D9D4D00C93EA8 /* HWMTimerTheme.swift in Sources */,
				E4FABD8D2A9D823700C93EA8 /* AGAssignmentViewModel.swift in Sources */,
				E47F56662AC1014500C55597 /* SettingsViewModel.swift in Sources */,
			);
			runOnlyForDeploymentPostprocessing = 0;
		};
		E4FABD5B2A9C41B300C93EA8 /* Sources */ = {
			isa = PBXSourcesBuildPhase;
			buildActionMask = 2147483647;
			files = (
				E4FABD642A9C41B300C93EA8 /* HWMTimersTests.swift in Sources */,
				E4EC3E362AA68E72003B0E3B /* AGEventTimersTests.swift in Sources */,
				E4FABD882A9D56C200C93EA8 /* AGHomeworldMobileEventTimerTests.swift in Sources */,
			);
			runOnlyForDeploymentPostprocessing = 0;
		};
		E4FABD652A9C41B400C93EA8 /* Sources */ = {
			isa = PBXSourcesBuildPhase;
			buildActionMask = 2147483647;
			files = (
				E4FABD6E2A9C41B400C93EA8 /* HWMTimersUITests.swift in Sources */,
				E4FABD702A9C41B400C93EA8 /* HWMTimersUITestsLaunchTests.swift in Sources */,
			);
			runOnlyForDeploymentPostprocessing = 0;
		};
/* End PBXSourcesBuildPhase section */

/* Begin PBXTargetDependency section */
		E48497D02ADE1AF800F12300 /* PBXTargetDependency */ = {
			isa = PBXTargetDependency;
			target = E48497BA2ADE0E3500F12300 /* HWMTimersWatchWidgetExtension */;
			targetProxy = E48497CF2ADE1AF800F12300 /* PBXContainerItemProxy */;
		};
		E4D2C4092AB2BBE9005FD6F4 /* PBXTargetDependency */ = {
			isa = PBXTargetDependency;
			target = E4D2C3F72AB2BBE8005FD6F4 /* HWMTimers Watch App */;
			targetProxy = E4D2C4082AB2BBE9005FD6F4 /* PBXContainerItemProxy */;
		};
		E4D2C4132AB2BBE9005FD6F4 /* PBXTargetDependency */ = {
			isa = PBXTargetDependency;
			target = E4D2C3F72AB2BBE8005FD6F4 /* HWMTimers Watch App */;
			targetProxy = E4D2C4122AB2BBE9005FD6F4 /* PBXContainerItemProxy */;
		};
		E4D2C41A2AB2BBE9005FD6F4 /* PBXTargetDependency */ = {
			isa = PBXTargetDependency;
			target = E4D2C3F72AB2BBE8005FD6F4 /* HWMTimers Watch App */;
			targetProxy = E4D2C4192AB2BBE9005FD6F4 /* PBXContainerItemProxy */;
		};
		E4F55C1E2AD774D60025C3C5 /* PBXTargetDependency */ = {
			isa = PBXTargetDependency;
			target = E4F55C0B2AD774D50025C3C5 /* HWMTimersWigetExtension */;
			targetProxy = E4F55C1D2AD774D60025C3C5 /* PBXContainerItemProxy */;
		};
		E4FABD612A9C41B300C93EA8 /* PBXTargetDependency */ = {
			isa = PBXTargetDependency;
			target = E4FABD4E2A9C41B300C93EA8 /* HWMTimers */;
			targetProxy = E4FABD602A9C41B300C93EA8 /* PBXContainerItemProxy */;
		};
		E4FABD6B2A9C41B400C93EA8 /* PBXTargetDependency */ = {
			isa = PBXTargetDependency;
			target = E4FABD4E2A9C41B300C93EA8 /* HWMTimers */;
			targetProxy = E4FABD6A2A9C41B400C93EA8 /* PBXContainerItemProxy */;
		};
/* End PBXTargetDependency section */

/* Begin XCBuildConfiguration section */
		E48497CA2ADE0E3600F12300 /* Debug */ = {
			isa = XCBuildConfiguration;
			buildSettings = {
				ASSETCATALOG_COMPILER_GENERATE_SWIFT_ASSET_SYMBOL_EXTENSIONS = YES;
				ASSETCATALOG_COMPILER_GLOBAL_ACCENT_COLOR_NAME = AccentColor;
				ASSETCATALOG_COMPILER_WIDGET_BACKGROUND_COLOR_NAME = WidgetBackground;
				CODE_SIGN_ENTITLEMENTS = HWMTimersWatchWidgetExtension.entitlements;
				CODE_SIGN_STYLE = Automatic;
				CURRENT_PROJECT_VERSION = 1;
				DEVELOPMENT_TEAM = 9J93HX6462;
				ENABLE_USER_SCRIPT_SANDBOXING = YES;
				GCC_C_LANGUAGE_STANDARD = gnu17;
				GENERATE_INFOPLIST_FILE = YES;
				INFOPLIST_FILE = HWMTimersWatchWidget/Info.plist;
				INFOPLIST_KEY_CFBundleDisplayName = HWMTimersWatchWidget;
				INFOPLIST_KEY_NSHumanReadableCopyright = "";
				LD_RUNPATH_SEARCH_PATHS = (
					"$(inherited)",
					"@executable_path/Frameworks",
					"@executable_path/../../Frameworks",
					"@executable_path/../../../../Frameworks",
				);
				LOCALIZATION_PREFERS_STRING_CATALOGS = YES;
				MARKETING_VERSION = 1.0;
				PRODUCT_BUNDLE_IDENTIFIER = com.antokne.HWMTimers.watchkitapp.HWMTimersWatchWidget;
				PRODUCT_NAME = "$(TARGET_NAME)";
				SDKROOT = watchos;
				SKIP_INSTALL = YES;
				SWIFT_ACTIVE_COMPILATION_CONDITIONS = "DEBUG $(inherited)";
				SWIFT_EMIT_LOC_STRINGS = YES;
				SWIFT_VERSION = 5.0;
				TARGETED_DEVICE_FAMILY = 4;
				WATCHOS_DEPLOYMENT_TARGET = 10.0;
			};
			name = Debug;
		};
		E48497CB2ADE0E3600F12300 /* Release */ = {
			isa = XCBuildConfiguration;
			buildSettings = {
				ASSETCATALOG_COMPILER_GENERATE_SWIFT_ASSET_SYMBOL_EXTENSIONS = YES;
				ASSETCATALOG_COMPILER_GLOBAL_ACCENT_COLOR_NAME = AccentColor;
				ASSETCATALOG_COMPILER_WIDGET_BACKGROUND_COLOR_NAME = WidgetBackground;
				CODE_SIGN_ENTITLEMENTS = HWMTimersWatchWidgetExtension.entitlements;
				CODE_SIGN_STYLE = Automatic;
				CURRENT_PROJECT_VERSION = 1;
				DEVELOPMENT_TEAM = 9J93HX6462;
				ENABLE_USER_SCRIPT_SANDBOXING = YES;
				GCC_C_LANGUAGE_STANDARD = gnu17;
				GENERATE_INFOPLIST_FILE = YES;
				INFOPLIST_FILE = HWMTimersWatchWidget/Info.plist;
				INFOPLIST_KEY_CFBundleDisplayName = HWMTimersWatchWidget;
				INFOPLIST_KEY_NSHumanReadableCopyright = "";
				LD_RUNPATH_SEARCH_PATHS = (
					"$(inherited)",
					"@executable_path/Frameworks",
					"@executable_path/../../Frameworks",
					"@executable_path/../../../../Frameworks",
				);
				LOCALIZATION_PREFERS_STRING_CATALOGS = YES;
				MARKETING_VERSION = 1.0;
				PRODUCT_BUNDLE_IDENTIFIER = com.antokne.HWMTimers.watchkitapp.HWMTimersWatchWidget;
				PRODUCT_NAME = "$(TARGET_NAME)";
				SDKROOT = watchos;
				SKIP_INSTALL = YES;
				SWIFT_EMIT_LOC_STRINGS = YES;
				SWIFT_VERSION = 5.0;
				TARGETED_DEVICE_FAMILY = 4;
				WATCHOS_DEPLOYMENT_TARGET = 10.0;
			};
			name = Release;
		};
		E4D2C41D2AB2BBE9005FD6F4 /* Debug */ = {
			isa = XCBuildConfiguration;
			baseConfigurationReference = E4F2B8AC2ABD4EF60027A38E /* Config.xcconfig */;
			buildSettings = {
				ASSETCATALOG_COMPILER_APPICON_NAME = AppIcon;
				ASSETCATALOG_COMPILER_GLOBAL_ACCENT_COLOR_NAME = AccentColor;
				CODE_SIGN_ENTITLEMENTS = "HWMTimers Watch App.entitlements";
				CODE_SIGN_STYLE = Automatic;
				DEVELOPMENT_ASSET_PATHS = "\"HWMTimers Watch App/Preview Content\"";
				DEVELOPMENT_TEAM = 9J93HX6462;
				ENABLE_PREVIEWS = YES;
				GENERATE_INFOPLIST_FILE = YES;
				INFOPLIST_FILE = "HWMTimers-Watch-App-Info.plist";
				INFOPLIST_KEY_CFBundleDisplayName = "HWM Timers";
				INFOPLIST_KEY_LSApplicationCategoryType = "";
				INFOPLIST_KEY_UISupportedInterfaceOrientations = "UIInterfaceOrientationPortrait UIInterfaceOrientationPortraitUpsideDown";
				INFOPLIST_KEY_WKCompanionAppBundleIdentifier = com.antokne.HWMTimers;
				LD_RUNPATH_SEARCH_PATHS = (
					"$(inherited)",
					"@executable_path/Frameworks",
				);
				PRODUCT_BUNDLE_IDENTIFIER = com.antokne.HWMTimers.watchkitapp;
				PRODUCT_NAME = HWMTimersWatchApp;
				SDKROOT = watchos;
				SKIP_INSTALL = YES;
				SWIFT_EMIT_LOC_STRINGS = YES;
				SWIFT_VERSION = 5.0;
				TARGETED_DEVICE_FAMILY = 4;
				WATCHOS_DEPLOYMENT_TARGET = 9.4;
			};
			name = Debug;
		};
		E4D2C41E2AB2BBE9005FD6F4 /* Release */ = {
			isa = XCBuildConfiguration;
			baseConfigurationReference = E4F2B8AC2ABD4EF60027A38E /* Config.xcconfig */;
			buildSettings = {
				ASSETCATALOG_COMPILER_APPICON_NAME = AppIcon;
				ASSETCATALOG_COMPILER_GLOBAL_ACCENT_COLOR_NAME = AccentColor;
				CODE_SIGN_ENTITLEMENTS = "HWMTimers Watch App.entitlements";
				CODE_SIGN_STYLE = Automatic;
				DEVELOPMENT_ASSET_PATHS = "\"HWMTimers Watch App/Preview Content\"";
				DEVELOPMENT_TEAM = 9J93HX6462;
				ENABLE_PREVIEWS = YES;
				GENERATE_INFOPLIST_FILE = YES;
				INFOPLIST_FILE = "HWMTimers-Watch-App-Info.plist";
				INFOPLIST_KEY_CFBundleDisplayName = "HWM Timers";
				INFOPLIST_KEY_LSApplicationCategoryType = "";
				INFOPLIST_KEY_UISupportedInterfaceOrientations = "UIInterfaceOrientationPortrait UIInterfaceOrientationPortraitUpsideDown";
				INFOPLIST_KEY_WKCompanionAppBundleIdentifier = com.antokne.HWMTimers;
				LD_RUNPATH_SEARCH_PATHS = (
					"$(inherited)",
					"@executable_path/Frameworks",
				);
				PRODUCT_BUNDLE_IDENTIFIER = com.antokne.HWMTimers.watchkitapp;
				PRODUCT_NAME = HWMTimersWatchApp;
				SDKROOT = watchos;
				SKIP_INSTALL = YES;
				SWIFT_EMIT_LOC_STRINGS = YES;
				SWIFT_VERSION = 5.0;
				TARGETED_DEVICE_FAMILY = 4;
				WATCHOS_DEPLOYMENT_TARGET = 9.4;
			};
			name = Release;
		};
		E4D2C41F2AB2BBE9005FD6F4 /* Debug */ = {
			isa = XCBuildConfiguration;
			baseConfigurationReference = E4F2B8AC2ABD4EF60027A38E /* Config.xcconfig */;
			buildSettings = {
				ALWAYS_EMBED_SWIFT_STANDARD_LIBRARIES = YES;
				BUNDLE_LOADER = "$(TEST_HOST)";
				CODE_SIGN_STYLE = Automatic;
				DEVELOPMENT_TEAM = 9J93HX6462;
				GENERATE_INFOPLIST_FILE = YES;
				PRODUCT_BUNDLE_IDENTIFIER = "com.antokne.HWMTimers-Watch-Watch-AppTests";
				PRODUCT_NAME = "$(TARGET_NAME)";
				SDKROOT = watchos;
				SWIFT_EMIT_LOC_STRINGS = NO;
				SWIFT_VERSION = 5.0;
				TARGETED_DEVICE_FAMILY = 4;
				TEST_HOST = "$(BUILT_PRODUCTS_DIR)/HWMTimers Watch Watch App.app/$(BUNDLE_EXECUTABLE_FOLDER_PATH)/HWMTimers Watch Watch App";
				WATCHOS_DEPLOYMENT_TARGET = 9.4;
			};
			name = Debug;
		};
		E4D2C4202AB2BBE9005FD6F4 /* Release */ = {
			isa = XCBuildConfiguration;
			baseConfigurationReference = E4F2B8AC2ABD4EF60027A38E /* Config.xcconfig */;
			buildSettings = {
				ALWAYS_EMBED_SWIFT_STANDARD_LIBRARIES = YES;
				BUNDLE_LOADER = "$(TEST_HOST)";
				CODE_SIGN_STYLE = Automatic;
				DEVELOPMENT_TEAM = 9J93HX6462;
				GENERATE_INFOPLIST_FILE = YES;
				PRODUCT_BUNDLE_IDENTIFIER = "com.antokne.HWMTimers-Watch-Watch-AppTests";
				PRODUCT_NAME = "$(TARGET_NAME)";
				SDKROOT = watchos;
				SWIFT_EMIT_LOC_STRINGS = NO;
				SWIFT_VERSION = 5.0;
				TARGETED_DEVICE_FAMILY = 4;
				TEST_HOST = "$(BUILT_PRODUCTS_DIR)/HWMTimers Watch Watch App.app/$(BUNDLE_EXECUTABLE_FOLDER_PATH)/HWMTimers Watch Watch App";
				WATCHOS_DEPLOYMENT_TARGET = 9.4;
			};
			name = Release;
		};
		E4D2C4212AB2BBE9005FD6F4 /* Debug */ = {
			isa = XCBuildConfiguration;
			baseConfigurationReference = E4F2B8AC2ABD4EF60027A38E /* Config.xcconfig */;
			buildSettings = {
				ALWAYS_EMBED_SWIFT_STANDARD_LIBRARIES = YES;
				CODE_SIGN_STYLE = Automatic;
				DEVELOPMENT_TEAM = 9J93HX6462;
				GENERATE_INFOPLIST_FILE = YES;
				PRODUCT_BUNDLE_IDENTIFIER = "com.antokne.HWMTimers-Watch-Watch-AppUITests";
				PRODUCT_NAME = "$(TARGET_NAME)";
				SDKROOT = watchos;
				SWIFT_EMIT_LOC_STRINGS = NO;
				SWIFT_VERSION = 5.0;
				TARGETED_DEVICE_FAMILY = 4;
				TEST_TARGET_NAME = "HWMTimers Watch Watch App";
				WATCHOS_DEPLOYMENT_TARGET = 9.4;
			};
			name = Debug;
		};
		E4D2C4222AB2BBE9005FD6F4 /* Release */ = {
			isa = XCBuildConfiguration;
			baseConfigurationReference = E4F2B8AC2ABD4EF60027A38E /* Config.xcconfig */;
			buildSettings = {
				ALWAYS_EMBED_SWIFT_STANDARD_LIBRARIES = YES;
				CODE_SIGN_STYLE = Automatic;
				DEVELOPMENT_TEAM = 9J93HX6462;
				GENERATE_INFOPLIST_FILE = YES;
				PRODUCT_BUNDLE_IDENTIFIER = "com.antokne.HWMTimers-Watch-Watch-AppUITests";
				PRODUCT_NAME = "$(TARGET_NAME)";
				SDKROOT = watchos;
				SWIFT_EMIT_LOC_STRINGS = NO;
				SWIFT_VERSION = 5.0;
				TARGETED_DEVICE_FAMILY = 4;
				TEST_TARGET_NAME = "HWMTimers Watch Watch App";
				WATCHOS_DEPLOYMENT_TARGET = 9.4;
			};
			name = Release;
		};
		E4F55C212AD774D60025C3C5 /* Debug */ = {
			isa = XCBuildConfiguration;
			buildSettings = {
				ASSETCATALOG_COMPILER_GENERATE_SWIFT_ASSET_SYMBOL_EXTENSIONS = YES;
				ASSETCATALOG_COMPILER_GLOBAL_ACCENT_COLOR_NAME = AccentColor;
				ASSETCATALOG_COMPILER_WIDGET_BACKGROUND_COLOR_NAME = WidgetBackground;
				CODE_SIGN_ENTITLEMENTS = HWMTimersWiget/HWMTimersWiget.entitlements;
				CODE_SIGN_STYLE = Automatic;
				CURRENT_PROJECT_VERSION = 1;
				DEVELOPMENT_TEAM = 9J93HX6462;
				ENABLE_HARDENED_RUNTIME = YES;
				ENABLE_USER_SCRIPT_SANDBOXING = YES;
				GCC_C_LANGUAGE_STANDARD = gnu17;
				GENERATE_INFOPLIST_FILE = YES;
				INFOPLIST_FILE = HWMTimersWiget/Info.plist;
				INFOPLIST_KEY_CFBundleDisplayName = HWMTimersWiget;
				INFOPLIST_KEY_NSHumanReadableCopyright = "";
				IPHONEOS_DEPLOYMENT_TARGET = 17.0;
				LD_RUNPATH_SEARCH_PATHS = (
					"$(inherited)",
					"@executable_path/Frameworks",
					"@executable_path/../../Frameworks",
				);
				"LD_RUNPATH_SEARCH_PATHS[sdk=macosx*]" = (
					"$(inherited)",
					"@executable_path/../Frameworks",
					"@executable_path/../../../../Frameworks",
				);
				LOCALIZATION_PREFERS_STRING_CATALOGS = YES;
				MACOSX_DEPLOYMENT_TARGET = 14.0;
				MARKETING_VERSION = 1.0;
				PRODUCT_BUNDLE_IDENTIFIER = com.antokne.HWMTimers.HWMTimersWiget;
				PRODUCT_NAME = "$(TARGET_NAME)";
				SDKROOT = auto;
				SKIP_INSTALL = YES;
				SUPPORTED_PLATFORMS = "iphoneos iphonesimulator macosx";
				SWIFT_ACTIVE_COMPILATION_CONDITIONS = "DEBUG $(inherited)";
				SWIFT_EMIT_LOC_STRINGS = YES;
				SWIFT_VERSION = 5.0;
				TARGETED_DEVICE_FAMILY = "1,2";
			};
			name = Debug;
		};
		E4F55C222AD774D60025C3C5 /* Release */ = {
			isa = XCBuildConfiguration;
			buildSettings = {
				ASSETCATALOG_COMPILER_GENERATE_SWIFT_ASSET_SYMBOL_EXTENSIONS = YES;
				ASSETCATALOG_COMPILER_GLOBAL_ACCENT_COLOR_NAME = AccentColor;
				ASSETCATALOG_COMPILER_WIDGET_BACKGROUND_COLOR_NAME = WidgetBackground;
				CODE_SIGN_ENTITLEMENTS = HWMTimersWiget/HWMTimersWiget.entitlements;
				CODE_SIGN_STYLE = Automatic;
				CURRENT_PROJECT_VERSION = 1;
				DEVELOPMENT_TEAM = 9J93HX6462;
				ENABLE_HARDENED_RUNTIME = YES;
				ENABLE_USER_SCRIPT_SANDBOXING = YES;
				GCC_C_LANGUAGE_STANDARD = gnu17;
				GENERATE_INFOPLIST_FILE = YES;
				INFOPLIST_FILE = HWMTimersWiget/Info.plist;
				INFOPLIST_KEY_CFBundleDisplayName = HWMTimersWiget;
				INFOPLIST_KEY_NSHumanReadableCopyright = "";
				IPHONEOS_DEPLOYMENT_TARGET = 17.0;
				LD_RUNPATH_SEARCH_PATHS = (
					"$(inherited)",
					"@executable_path/Frameworks",
					"@executable_path/../../Frameworks",
				);
				"LD_RUNPATH_SEARCH_PATHS[sdk=macosx*]" = (
					"$(inherited)",
					"@executable_path/../Frameworks",
					"@executable_path/../../../../Frameworks",
				);
				LOCALIZATION_PREFERS_STRING_CATALOGS = YES;
				MACOSX_DEPLOYMENT_TARGET = 14.0;
				MARKETING_VERSION = 1.0;
				PRODUCT_BUNDLE_IDENTIFIER = com.antokne.HWMTimers.HWMTimersWiget;
				PRODUCT_NAME = "$(TARGET_NAME)";
				SDKROOT = auto;
				SKIP_INSTALL = YES;
				SUPPORTED_PLATFORMS = "iphoneos iphonesimulator macosx";
				SWIFT_EMIT_LOC_STRINGS = YES;
				SWIFT_VERSION = 5.0;
				TARGETED_DEVICE_FAMILY = "1,2";
			};
			name = Release;
		};
		E4FABD712A9C41B400C93EA8 /* Debug */ = {
			isa = XCBuildConfiguration;
			baseConfigurationReference = E4F2B8AC2ABD4EF60027A38E /* Config.xcconfig */;
			buildSettings = {
				ALWAYS_SEARCH_USER_PATHS = NO;
				CLANG_ANALYZER_NONNULL = YES;
				CLANG_ANALYZER_NUMBER_OBJECT_CONVERSION = YES_AGGRESSIVE;
				CLANG_CXX_LANGUAGE_STANDARD = "gnu++20";
				CLANG_ENABLE_MODULES = YES;
				CLANG_ENABLE_OBJC_ARC = YES;
				CLANG_ENABLE_OBJC_WEAK = YES;
				CLANG_WARN_BLOCK_CAPTURE_AUTORELEASING = YES;
				CLANG_WARN_BOOL_CONVERSION = YES;
				CLANG_WARN_COMMA = YES;
				CLANG_WARN_CONSTANT_CONVERSION = YES;
				CLANG_WARN_DEPRECATED_OBJC_IMPLEMENTATIONS = YES;
				CLANG_WARN_DIRECT_OBJC_ISA_USAGE = YES_ERROR;
				CLANG_WARN_DOCUMENTATION_COMMENTS = YES;
				CLANG_WARN_EMPTY_BODY = YES;
				CLANG_WARN_ENUM_CONVERSION = YES;
				CLANG_WARN_INFINITE_RECURSION = YES;
				CLANG_WARN_INT_CONVERSION = YES;
				CLANG_WARN_NON_LITERAL_NULL_CONVERSION = YES;
				CLANG_WARN_OBJC_IMPLICIT_RETAIN_SELF = YES;
				CLANG_WARN_OBJC_LITERAL_CONVERSION = YES;
				CLANG_WARN_OBJC_ROOT_CLASS = YES_ERROR;
				CLANG_WARN_QUOTED_INCLUDE_IN_FRAMEWORK_HEADER = YES;
				CLANG_WARN_RANGE_LOOP_ANALYSIS = YES;
				CLANG_WARN_STRICT_PROTOTYPES = YES;
				CLANG_WARN_SUSPICIOUS_MOVE = YES;
				CLANG_WARN_UNGUARDED_AVAILABILITY = YES_AGGRESSIVE;
				CLANG_WARN_UNREACHABLE_CODE = YES;
				CLANG_WARN__DUPLICATE_METHOD_MATCH = YES;
				COPY_PHASE_STRIP = NO;
				DEBUG_INFORMATION_FORMAT = dwarf;
				ENABLE_STRICT_OBJC_MSGSEND = YES;
				ENABLE_TESTABILITY = YES;
				GCC_C_LANGUAGE_STANDARD = gnu11;
				GCC_DYNAMIC_NO_PIC = NO;
				GCC_NO_COMMON_BLOCKS = YES;
				GCC_OPTIMIZATION_LEVEL = 0;
				GCC_PREPROCESSOR_DEFINITIONS = (
					"DEBUG=1",
					"$(inherited)",
				);
				GCC_WARN_64_TO_32_BIT_CONVERSION = YES;
				GCC_WARN_ABOUT_RETURN_TYPE = YES_ERROR;
				GCC_WARN_UNDECLARED_SELECTOR = YES;
				GCC_WARN_UNINITIALIZED_AUTOS = YES_AGGRESSIVE;
				GCC_WARN_UNUSED_FUNCTION = YES;
				GCC_WARN_UNUSED_VARIABLE = YES;
				IPHONEOS_DEPLOYMENT_TARGET = 16.4;
				MTL_ENABLE_DEBUG_INFO = INCLUDE_SOURCE;
				MTL_FAST_MATH = YES;
				ONLY_ACTIVE_ARCH = YES;
				SDKROOT = iphoneos;
				SWIFT_ACTIVE_COMPILATION_CONDITIONS = DEBUG;
				SWIFT_OPTIMIZATION_LEVEL = "-Onone";
			};
			name = Debug;
		};
		E4FABD722A9C41B400C93EA8 /* Release */ = {
			isa = XCBuildConfiguration;
			baseConfigurationReference = E4F2B8AC2ABD4EF60027A38E /* Config.xcconfig */;
			buildSettings = {
				ALWAYS_SEARCH_USER_PATHS = NO;
				CLANG_ANALYZER_NONNULL = YES;
				CLANG_ANALYZER_NUMBER_OBJECT_CONVERSION = YES_AGGRESSIVE;
				CLANG_CXX_LANGUAGE_STANDARD = "gnu++20";
				CLANG_ENABLE_MODULES = YES;
				CLANG_ENABLE_OBJC_ARC = YES;
				CLANG_ENABLE_OBJC_WEAK = YES;
				CLANG_WARN_BLOCK_CAPTURE_AUTORELEASING = YES;
				CLANG_WARN_BOOL_CONVERSION = YES;
				CLANG_WARN_COMMA = YES;
				CLANG_WARN_CONSTANT_CONVERSION = YES;
				CLANG_WARN_DEPRECATED_OBJC_IMPLEMENTATIONS = YES;
				CLANG_WARN_DIRECT_OBJC_ISA_USAGE = YES_ERROR;
				CLANG_WARN_DOCUMENTATION_COMMENTS = YES;
				CLANG_WARN_EMPTY_BODY = YES;
				CLANG_WARN_ENUM_CONVERSION = YES;
				CLANG_WARN_INFINITE_RECURSION = YES;
				CLANG_WARN_INT_CONVERSION = YES;
				CLANG_WARN_NON_LITERAL_NULL_CONVERSION = YES;
				CLANG_WARN_OBJC_IMPLICIT_RETAIN_SELF = YES;
				CLANG_WARN_OBJC_LITERAL_CONVERSION = YES;
				CLANG_WARN_OBJC_ROOT_CLASS = YES_ERROR;
				CLANG_WARN_QUOTED_INCLUDE_IN_FRAMEWORK_HEADER = YES;
				CLANG_WARN_RANGE_LOOP_ANALYSIS = YES;
				CLANG_WARN_STRICT_PROTOTYPES = YES;
				CLANG_WARN_SUSPICIOUS_MOVE = YES;
				CLANG_WARN_UNGUARDED_AVAILABILITY = YES_AGGRESSIVE;
				CLANG_WARN_UNREACHABLE_CODE = YES;
				CLANG_WARN__DUPLICATE_METHOD_MATCH = YES;
				COPY_PHASE_STRIP = NO;
				DEBUG_INFORMATION_FORMAT = "dwarf-with-dsym";
				ENABLE_NS_ASSERTIONS = NO;
				ENABLE_STRICT_OBJC_MSGSEND = YES;
				GCC_C_LANGUAGE_STANDARD = gnu11;
				GCC_NO_COMMON_BLOCKS = YES;
				GCC_WARN_64_TO_32_BIT_CONVERSION = YES;
				GCC_WARN_ABOUT_RETURN_TYPE = YES_ERROR;
				GCC_WARN_UNDECLARED_SELECTOR = YES;
				GCC_WARN_UNINITIALIZED_AUTOS = YES_AGGRESSIVE;
				GCC_WARN_UNUSED_FUNCTION = YES;
				GCC_WARN_UNUSED_VARIABLE = YES;
				IPHONEOS_DEPLOYMENT_TARGET = 16.4;
				MTL_ENABLE_DEBUG_INFO = NO;
				MTL_FAST_MATH = YES;
				SDKROOT = iphoneos;
				SWIFT_COMPILATION_MODE = wholemodule;
				SWIFT_OPTIMIZATION_LEVEL = "-O";
				VALIDATE_PRODUCT = YES;
			};
			name = Release;
		};
		E4FABD742A9C41B400C93EA8 /* Debug */ = {
			isa = XCBuildConfiguration;
			baseConfigurationReference = E4F2B8AC2ABD4EF60027A38E /* Config.xcconfig */;
			buildSettings = {
				ALWAYS_EMBED_SWIFT_STANDARD_LIBRARIES = YES;
				ASSETCATALOG_COMPILER_APPICON_NAME = AppIcon;
				ASSETCATALOG_COMPILER_GLOBAL_ACCENT_COLOR_NAME = AccentColor;
				CODE_SIGN_ENTITLEMENTS = HWMTimers/HWMTimers.entitlements;
				CODE_SIGN_STYLE = Automatic;
				DEVELOPMENT_ASSET_PATHS = "\"HWMTimers/Preview Content\"";
				DEVELOPMENT_TEAM = 9J93HX6462;
				ENABLE_PREVIEWS = YES;
				GENERATE_INFOPLIST_FILE = YES;
				INFOPLIST_FILE = HWMTimers/Info.plist;
				INFOPLIST_KEY_CFBundleDisplayName = "HWM Timers";
				INFOPLIST_KEY_LSApplicationCategoryType = "public.app-category.entertainment";
				INFOPLIST_KEY_UIApplicationSceneManifest_Generation = YES;
				INFOPLIST_KEY_UIApplicationSupportsIndirectInputEvents = YES;
				INFOPLIST_KEY_UILaunchScreen_Generation = YES;
				INFOPLIST_KEY_UISupportedInterfaceOrientations = UIInterfaceOrientationPortrait;
				INFOPLIST_KEY_UISupportedInterfaceOrientations_iPad = "UIInterfaceOrientationLandscapeLeft UIInterfaceOrientationLandscapeRight UIInterfaceOrientationPortrait UIInterfaceOrientationPortraitUpsideDown";
				LD_RUNPATH_SEARCH_PATHS = (
					"$(inherited)",
					"@executable_path/Frameworks",
				);
				PRODUCT_BUNDLE_IDENTIFIER = com.antokne.HWMTimers;
				PRODUCT_NAME = "$(TARGET_NAME)";
				SUPPORTED_PLATFORMS = "iphoneos iphonesimulator";
				SUPPORTS_MACCATALYST = NO;
				SUPPORTS_MAC_DESIGNED_FOR_IPHONE_IPAD = YES;
				SWIFT_EMIT_LOC_STRINGS = YES;
				SWIFT_VERSION = 5.0;
				TARGETED_DEVICE_FAMILY = 1;
			};
			name = Debug;
		};
		E4FABD752A9C41B400C93EA8 /* Release */ = {
			isa = XCBuildConfiguration;
			baseConfigurationReference = E4F2B8AC2ABD4EF60027A38E /* Config.xcconfig */;
			buildSettings = {
				ALWAYS_EMBED_SWIFT_STANDARD_LIBRARIES = YES;
				ASSETCATALOG_COMPILER_APPICON_NAME = AppIcon;
				ASSETCATALOG_COMPILER_GLOBAL_ACCENT_COLOR_NAME = AccentColor;
				CODE_SIGN_ENTITLEMENTS = HWMTimers/HWMTimers.entitlements;
				CODE_SIGN_STYLE = Automatic;
				DEVELOPMENT_ASSET_PATHS = "\"HWMTimers/Preview Content\"";
				DEVELOPMENT_TEAM = 9J93HX6462;
				ENABLE_PREVIEWS = YES;
				GENERATE_INFOPLIST_FILE = YES;
				INFOPLIST_FILE = HWMTimers/Info.plist;
				INFOPLIST_KEY_CFBundleDisplayName = "HWM Timers";
				INFOPLIST_KEY_LSApplicationCategoryType = "public.app-category.entertainment";
				INFOPLIST_KEY_UIApplicationSceneManifest_Generation = YES;
				INFOPLIST_KEY_UIApplicationSupportsIndirectInputEvents = YES;
				INFOPLIST_KEY_UILaunchScreen_Generation = YES;
				INFOPLIST_KEY_UISupportedInterfaceOrientations = UIInterfaceOrientationPortrait;
				INFOPLIST_KEY_UISupportedInterfaceOrientations_iPad = "UIInterfaceOrientationLandscapeLeft UIInterfaceOrientationLandscapeRight UIInterfaceOrientationPortrait UIInterfaceOrientationPortraitUpsideDown";
				LD_RUNPATH_SEARCH_PATHS = (
					"$(inherited)",
					"@executable_path/Frameworks",
				);
				PRODUCT_BUNDLE_IDENTIFIER = com.antokne.HWMTimers;
				PRODUCT_NAME = "$(TARGET_NAME)";
				SUPPORTED_PLATFORMS = "iphoneos iphonesimulator";
				SUPPORTS_MACCATALYST = NO;
				SUPPORTS_MAC_DESIGNED_FOR_IPHONE_IPAD = YES;
				SWIFT_EMIT_LOC_STRINGS = YES;
				SWIFT_VERSION = 5.0;
				TARGETED_DEVICE_FAMILY = 1;
			};
			name = Release;
		};
		E4FABD772A9C41B400C93EA8 /* Debug */ = {
			isa = XCBuildConfiguration;
			baseConfigurationReference = E4F2B8AC2ABD4EF60027A38E /* Config.xcconfig */;
			buildSettings = {
				ALWAYS_EMBED_SWIFT_STANDARD_LIBRARIES = YES;
				BUNDLE_LOADER = "$(TEST_HOST)";
				CODE_SIGN_STYLE = Automatic;
				DEVELOPMENT_TEAM = 9J93HX6462;
				GENERATE_INFOPLIST_FILE = YES;
				IPHONEOS_DEPLOYMENT_TARGET = 16.4;
				PRODUCT_BUNDLE_IDENTIFIER = com.antokne.HWMTimersTests;
				PRODUCT_NAME = "$(TARGET_NAME)";
				SWIFT_EMIT_LOC_STRINGS = NO;
				SWIFT_VERSION = 5.0;
				TARGETED_DEVICE_FAMILY = "1,2";
				TEST_HOST = "$(BUILT_PRODUCTS_DIR)/HWMTimers.app/$(BUNDLE_EXECUTABLE_FOLDER_PATH)/HWMTimers";
			};
			name = Debug;
		};
		E4FABD782A9C41B400C93EA8 /* Release */ = {
			isa = XCBuildConfiguration;
			baseConfigurationReference = E4F2B8AC2ABD4EF60027A38E /* Config.xcconfig */;
			buildSettings = {
				ALWAYS_EMBED_SWIFT_STANDARD_LIBRARIES = YES;
				BUNDLE_LOADER = "$(TEST_HOST)";
				CODE_SIGN_STYLE = Automatic;
				DEVELOPMENT_TEAM = 9J93HX6462;
				GENERATE_INFOPLIST_FILE = YES;
				IPHONEOS_DEPLOYMENT_TARGET = 16.4;
				PRODUCT_BUNDLE_IDENTIFIER = com.antokne.HWMTimersTests;
				PRODUCT_NAME = "$(TARGET_NAME)";
				SWIFT_EMIT_LOC_STRINGS = NO;
				SWIFT_VERSION = 5.0;
				TARGETED_DEVICE_FAMILY = "1,2";
				TEST_HOST = "$(BUILT_PRODUCTS_DIR)/HWMTimers.app/$(BUNDLE_EXECUTABLE_FOLDER_PATH)/HWMTimers";
			};
			name = Release;
		};
		E4FABD7A2A9C41B400C93EA8 /* Debug */ = {
			isa = XCBuildConfiguration;
			baseConfigurationReference = E4F2B8AC2ABD4EF60027A38E /* Config.xcconfig */;
			buildSettings = {
				ALWAYS_EMBED_SWIFT_STANDARD_LIBRARIES = YES;
				CODE_SIGN_STYLE = Automatic;
				DEVELOPMENT_TEAM = 9J93HX6462;
				GENERATE_INFOPLIST_FILE = YES;
				PRODUCT_BUNDLE_IDENTIFIER = com.antokne.HWMTimersUITests;
				PRODUCT_NAME = "$(TARGET_NAME)";
				SWIFT_EMIT_LOC_STRINGS = NO;
				SWIFT_VERSION = 5.0;
				TARGETED_DEVICE_FAMILY = "1,2";
				TEST_TARGET_NAME = HWMTimers;
			};
			name = Debug;
		};
		E4FABD7B2A9C41B400C93EA8 /* Release */ = {
			isa = XCBuildConfiguration;
			baseConfigurationReference = E4F2B8AC2ABD4EF60027A38E /* Config.xcconfig */;
			buildSettings = {
				ALWAYS_EMBED_SWIFT_STANDARD_LIBRARIES = YES;
				CODE_SIGN_STYLE = Automatic;
				DEVELOPMENT_TEAM = 9J93HX6462;
				GENERATE_INFOPLIST_FILE = YES;
				PRODUCT_BUNDLE_IDENTIFIER = com.antokne.HWMTimersUITests;
				PRODUCT_NAME = "$(TARGET_NAME)";
				SWIFT_EMIT_LOC_STRINGS = NO;
				SWIFT_VERSION = 5.0;
				TARGETED_DEVICE_FAMILY = "1,2";
				TEST_TARGET_NAME = HWMTimers;
			};
			name = Release;
		};
/* End XCBuildConfiguration section */

/* Begin XCConfigurationList section */
		E48497C92ADE0E3600F12300 /* Build configuration list for PBXNativeTarget "HWMTimersWatchWidgetExtension" */ = {
			isa = XCConfigurationList;
			buildConfigurations = (
				E48497CA2ADE0E3600F12300 /* Debug */,
				E48497CB2ADE0E3600F12300 /* Release */,
			);
			defaultConfigurationIsVisible = 0;
			defaultConfigurationName = Release;
		};
		E4D2C4232AB2BBE9005FD6F4 /* Build configuration list for PBXNativeTarget "HWMTimers Watch App" */ = {
			isa = XCConfigurationList;
			buildConfigurations = (
				E4D2C41D2AB2BBE9005FD6F4 /* Debug */,
				E4D2C41E2AB2BBE9005FD6F4 /* Release */,
			);
			defaultConfigurationIsVisible = 0;
			defaultConfigurationName = Release;
		};
		E4D2C4242AB2BBE9005FD6F4 /* Build configuration list for PBXNativeTarget "HWMTimers Watch AppTests" */ = {
			isa = XCConfigurationList;
			buildConfigurations = (
				E4D2C41F2AB2BBE9005FD6F4 /* Debug */,
				E4D2C4202AB2BBE9005FD6F4 /* Release */,
			);
			defaultConfigurationIsVisible = 0;
			defaultConfigurationName = Release;
		};
		E4D2C4252AB2BBE9005FD6F4 /* Build configuration list for PBXNativeTarget "HWMTimers Watch AppUITests" */ = {
			isa = XCConfigurationList;
			buildConfigurations = (
				E4D2C4212AB2BBE9005FD6F4 /* Debug */,
				E4D2C4222AB2BBE9005FD6F4 /* Release */,
			);
			defaultConfigurationIsVisible = 0;
			defaultConfigurationName = Release;
		};
		E4F55C232AD774D60025C3C5 /* Build configuration list for PBXNativeTarget "HWMTimersWigetExtension" */ = {
			isa = XCConfigurationList;
			buildConfigurations = (
				E4F55C212AD774D60025C3C5 /* Debug */,
				E4F55C222AD774D60025C3C5 /* Release */,
			);
			defaultConfigurationIsVisible = 0;
			defaultConfigurationName = Release;
		};
		E4FABD4A2A9C41B300C93EA8 /* Build configuration list for PBXProject "HWMTimers" */ = {
			isa = XCConfigurationList;
			buildConfigurations = (
				E4FABD712A9C41B400C93EA8 /* Debug */,
				E4FABD722A9C41B400C93EA8 /* Release */,
			);
			defaultConfigurationIsVisible = 0;
			defaultConfigurationName = Release;
		};
		E4FABD732A9C41B400C93EA8 /* Build configuration list for PBXNativeTarget "HWMTimers" */ = {
			isa = XCConfigurationList;
			buildConfigurations = (
				E4FABD742A9C41B400C93EA8 /* Debug */,
				E4FABD752A9C41B400C93EA8 /* Release */,
			);
			defaultConfigurationIsVisible = 0;
			defaultConfigurationName = Release;
		};
		E4FABD762A9C41B400C93EA8 /* Build configuration list for PBXNativeTarget "HWMTimersTests" */ = {
			isa = XCConfigurationList;
			buildConfigurations = (
				E4FABD772A9C41B400C93EA8 /* Debug */,
				E4FABD782A9C41B400C93EA8 /* Release */,
			);
			defaultConfigurationIsVisible = 0;
			defaultConfigurationName = Release;
		};
		E4FABD792A9C41B400C93EA8 /* Build configuration list for PBXNativeTarget "HWMTimersUITests" */ = {
			isa = XCConfigurationList;
			buildConfigurations = (
				E4FABD7A2A9C41B400C93EA8 /* Debug */,
				E4FABD7B2A9C41B400C93EA8 /* Release */,
			);
			defaultConfigurationIsVisible = 0;
			defaultConfigurationName = Release;
		};
/* End XCConfigurationList section */

/* Begin XCLocalSwiftPackageReference section */
		E4F55C032AD73F3D0025C3C5 /* XCLocalSwiftPackageReference "HWMTimersShared" */ = {
			isa = XCLocalSwiftPackageReference;
			relativePath = HWMTimersShared;
		};
/* End XCLocalSwiftPackageReference section */

/* Begin XCRemoteSwiftPackageReference section */
		E4AD0D632AB7E32D003FD5BC /* XCRemoteSwiftPackageReference "NiceNotifications" */ = {
			isa = XCRemoteSwiftPackageReference;
			repositoryURL = "https://github.com/dreymonde/NiceNotifications";
			requirement = {
				branch = main;
				kind = branch;
			};
		};
/* End XCRemoteSwiftPackageReference section */

/* Begin XCSwiftPackageProductDependency section */
		E48497D32ADE1CCE00F12300 /* HWMTimersShared */ = {
			isa = XCSwiftPackageProductDependency;
			productName = HWMTimersShared;
		};
		E4AD0D642AB7E32D003FD5BC /* NiceNotifications */ = {
			isa = XCSwiftPackageProductDependency;
			package = E4AD0D632AB7E32D003FD5BC /* XCRemoteSwiftPackageReference "NiceNotifications" */;
			productName = NiceNotifications;
		};
		E4F55C042AD73F3D0025C3C5 /* HWMTimersShared */ = {
			isa = XCSwiftPackageProductDependency;
			productName = HWMTimersShared;
		};
		E4F55C062AD73F610025C3C5 /* HWMTimersShared */ = {
			isa = XCSwiftPackageProductDependency;
			productName = HWMTimersShared;
		};
		E4F55C242AD794730025C3C5 /* HWMTimersShared */ = {
			isa = XCSwiftPackageProductDependency;
			productName = HWMTimersShared;
		};
/* End XCSwiftPackageProductDependency section */
	};
	rootObject = E4FABD472A9C41B300C93EA8 /* Project object */;
}
